
Microsoft Visual Studio Solution File, Format Version 12.00
# Visual Studio Version 16
VisualStudioVersion = 16.0.31205.134
MinimumVisualStudioVersion = 10.0.40219.1
Project("{FAE04EC0-301F-11D3-BF4B-00C04F79EFBC}") = "LocadoraOscar.API", "LocadoraOscar.API\LocadoraOscar.API.csproj", "{10BA5BFB-45C3-4658-920D-C15D9FB48C0C}"
EndProject
Global
	GlobalSection(SolutionConfigurationPlatforms) = preSolution
		Debug|Any CPU = Debug|Any CPU
		Release|Any CPU = Release|Any CPU
	EndGlobalSection
	GlobalSection(ProjectConfigurationPlatforms) = postSolution
		{10BA5BFB-45C3-4658-920D-C15D9FB48C0C}.Debug|Any CPU.ActiveCfg = Debug|Any CPU
		{10BA5BFB-45C3-4658-920D-C15D9FB48C0C}.Debug|Any CPU.Build.0 = Debug|Any CPU
		{10BA5BFB-45C3-4658-920D-C15D9FB48C0C}.Release|Any CPU.ActiveCfg = Release|Any CPU
		{10BA5BFB-45C3-4658-920D-C15D9FB48C0C}.Release|Any CPU.Build.0 = Release|Any CPU
	EndGlobalSection
	GlobalSection(SolutionProperties) = preSolution
		HideSolutionNode = FALSE
	EndGlobalSection
	GlobalSection(ExtensibilityGlobals) = postSolution
		SolutionGuid = {03EAAFEC-6E44-4876-B4EB-2C0ADCEED6F1}
	EndGlobalSection
EndGlobal
